// !$*UTF8*$!
{
	archiveVersion = 1;
	classes = {
	};
	objectVersion = 46;
	objects = {

/* Begin PBXBuildFile section */
		E26E1DB81C1EC31E00FA6043 /* Mixed.xib in Resources */ = {isa = PBXBuildFile; fileRef = E26E1DB71C1EC31E00FA6043 /* Mixed.xib */; };
		E26E1DBA1C1ECD2A00FA6043 /* Sponsored.xib in Resources */ = {isa = PBXBuildFile; fileRef = E26E1DB91C1ECD2A00FA6043 /* Sponsored.xib */; };
		E26E1DCC1C1ECE0A00FA6043 /* back_arrow_full.png in Resources */ = {isa = PBXBuildFile; fileRef = E26E1DBB1C1ECE0A00FA6043 /* back_arrow_full.png */; };
		E26E1DCD1C1ECE0A00FA6043 /* back_arrow_white.png in Resources */ = {isa = PBXBuildFile; fileRef = E26E1DBC1C1ECE0A00FA6043 /* back_arrow_white.png */; };
		E26E1DCE1C1ECE0A00FA6043 /* back_arrow.png in Resources */ = {isa = PBXBuildFile; fileRef = E26E1DBD1C1ECE0A00FA6043 /* back_arrow.png */; };
		E26E1DCF1C1ECE0A00FA6043 /* calendar.png in Resources */ = {isa = PBXBuildFile; fileRef = E26E1DBE1C1ECE0A00FA6043 /* calendar.png */; };
		E26E1DD01C1ECE0A00FA6043 /* cinema.png in Resources */ = {isa = PBXBuildFile; fileRef = E26E1DBF1C1ECE0A00FA6043 /* cinema.png */; };
		E26E1DD11C1ECE0A00FA6043 /* document.png in Resources */ = {isa = PBXBuildFile; fileRef = E26E1DC01C1ECE0A00FA6043 /* document.png */; };
		E26E1DD21C1ECE0A00FA6043 /* gradient.png in Resources */ = {isa = PBXBuildFile; fileRef = E26E1DC11C1ECE0A00FA6043 /* gradient.png */; };
		E26E1DD31C1ECE0A00FA6043 /* gray_agenda.png in Resources */ = {isa = PBXBuildFile; fileRef = E26E1DC21C1ECE0A00FA6043 /* gray_agenda.png */; };
		E26E1DD41C1ECE0A00FA6043 /* green_map.png in Resources */ = {isa = PBXBuildFile; fileRef = E26E1DC31C1ECE0A00FA6043 /* green_map.png */; };
		E26E1DD51C1ECE0A00FA6043 /* map_blue.png in Resources */ = {isa = PBXBuildFile; fileRef = E26E1DC41C1ECE0A00FA6043 /* map_blue.png */; };
		E26E1DD61C1ECE0A00FA6043 /* map.png in Resources */ = {isa = PBXBuildFile; fileRef = E26E1DC51C1ECE0A00FA6043 /* map.png */; };
		E26E1DD71C1ECE0A00FA6043 /* news.png in Resources */ = {isa = PBXBuildFile; fileRef = E26E1DC61C1ECE0A00FA6043 /* news.png */; };
		E26E1DD81C1ECE0A00FA6043 /* phone_blue_old.png in Resources */ = {isa = PBXBuildFile; fileRef = E26E1DC71C1ECE0A00FA6043 /* phone_blue_old.png */; };
		E26E1DD91C1ECE0A00FA6043 /* phone.png in Resources */ = {isa = PBXBuildFile; fileRef = E26E1DC81C1ECE0A00FA6043 /* phone.png */; };
		E26E1DDA1C1ECE0A00FA6043 /* red_agenda.png in Resources */ = {isa = PBXBuildFile; fileRef = E26E1DC91C1ECE0A00FA6043 /* red_agenda.png */; };
		E26E1DDB1C1ECE0A00FA6043 /* red_map.png in Resources */ = {isa = PBXBuildFile; fileRef = E26E1DCA1C1ECE0A00FA6043 /* red_map.png */; };
		E26E1DDC1C1ECE0A00FA6043 /* sponsor.png in Resources */ = {isa = PBXBuildFile; fileRef = E26E1DCB1C1ECE0A00FA6043 /* sponsor.png */; };
		E2F094E61C1B04080002248B /* AppDelegate.swift in Sources */ = {isa = PBXBuildFile; fileRef = E2F094E51C1B04080002248B /* AppDelegate.swift */; };
		E2F094E81C1B04080002248B /* ViewController.swift in Sources */ = {isa = PBXBuildFile; fileRef = E2F094E71C1B04080002248B /* ViewController.swift */; };
		E2F094EB1C1B04080002248B /* Main.storyboard in Resources */ = {isa = PBXBuildFile; fileRef = E2F094E91C1B04080002248B /* Main.storyboard */; };
		E2F094ED1C1B04080002248B /* Assets.xcassets in Resources */ = {isa = PBXBuildFile; fileRef = E2F094EC1C1B04080002248B /* Assets.xcassets */; };
		E2F094F01C1B04080002248B /* LaunchScreen.storyboard in Resources */ = {isa = PBXBuildFile; fileRef = E2F094EE1C1B04080002248B /* LaunchScreen.storyboard */; };
		E2F094FB1C1B04080002248B /* Floresti_OnlineTests.swift in Sources */ = {isa = PBXBuildFile; fileRef = E2F094FA1C1B04080002248B /* Floresti_OnlineTests.swift */; };
		E2F095061C1B04080002248B /* Floresti_OnlineUITests.swift in Sources */ = {isa = PBXBuildFile; fileRef = E2F095051C1B04080002248B /* Floresti_OnlineUITests.swift */; };
		E2F095191C1B0AFB0002248B /* TLYShyNavBarManager.m in Sources */ = {isa = PBXBuildFile; fileRef = E2F095181C1B0AFB0002248B /* TLYShyNavBarManager.m */; };
		E2F095231C1B0D000002248B /* ArrayEx.swift in Sources */ = {isa = PBXBuildFile; fileRef = E2F0951B1C1B0D000002248B /* ArrayEx.swift */; };
		E2F095241C1B0D000002248B /* CGPointEx.swift in Sources */ = {isa = PBXBuildFile; fileRef = E2F0951C1C1B0D000002248B /* CGPointEx.swift */; };
		E2F095251C1B0D000002248B /* CGRectEx.swift in Sources */ = {isa = PBXBuildFile; fileRef = E2F0951D1C1B0D000002248B /* CGRectEx.swift */; };
		E2F095261C1B0D000002248B /* LiquidFloatingActionButton.swift in Sources */ = {isa = PBXBuildFile; fileRef = E2F0951E1C1B0D000002248B /* LiquidFloatingActionButton.swift */; };
		E2F095271C1B0D000002248B /* LiquidUtil.swift in Sources */ = {isa = PBXBuildFile; fileRef = E2F0951F1C1B0D000002248B /* LiquidUtil.swift */; };
		E2F095281C1B0D000002248B /* LiquittableCircle.swift in Sources */ = {isa = PBXBuildFile; fileRef = E2F095201C1B0D000002248B /* LiquittableCircle.swift */; };
		E2F095291C1B0D000002248B /* SimpleCircleLiquidEngine.swift in Sources */ = {isa = PBXBuildFile; fileRef = E2F095211C1B0D000002248B /* SimpleCircleLiquidEngine.swift */; };
		E2F0952A1C1B0D000002248B /* UIColorEx.swift in Sources */ = {isa = PBXBuildFile; fileRef = E2F095221C1B0D000002248B /* UIColorEx.swift */; };
		E2F0952D1C1B0D470002248B /* MainView.swift in Sources */ = {isa = PBXBuildFile; fileRef = E2F0952C1C1B0D470002248B /* MainView.swift */; };
		E2F095371C1B15670002248B /* TLYShyStatusBarController.m in Sources */ = {isa = PBXBuildFile; fileRef = E2F0952F1C1B15670002248B /* TLYShyStatusBarController.m */; };
		E2F095381C1B15670002248B /* TLYShyViewController.m in Sources */ = {isa = PBXBuildFile; fileRef = E2F095311C1B15670002248B /* TLYShyViewController.m */; };
		E2F095391C1B15670002248B /* TLYShyScrollViewController.m in Sources */ = {isa = PBXBuildFile; fileRef = E2F095351C1B15670002248B /* TLYShyScrollViewController.m */; };
		E2F095431C1B15BD0002248B /* NSObject+TLYSwizzlingHelpers.m in Sources */ = {isa = PBXBuildFile; fileRef = E2F0953C1C1B15BD0002248B /* NSObject+TLYSwizzlingHelpers.m */; };
		E2F095441C1B15BD0002248B /* TLYDelegateProxy.m in Sources */ = {isa = PBXBuildFile; fileRef = E2F0953E1C1B15BD0002248B /* TLYDelegateProxy.m */; };
		E2F095451C1B15BD0002248B /* UIScrollView+Helpers.m in Sources */ = {isa = PBXBuildFile; fileRef = E2F095401C1B15BD0002248B /* UIScrollView+Helpers.m */; };
		E2F095461C1B15BD0002248B /* UIViewController+BetterLayoutGuides.m in Sources */ = {isa = PBXBuildFile; fileRef = E2F095421C1B15BD0002248B /* UIViewController+BetterLayoutGuides.m */; };
		E2F0954C1C1B17DC0002248B /* ic_place.png in Resources */ = {isa = PBXBuildFile; fileRef = E2F095491C1B17DC0002248B /* ic_place.png */; };
/* End PBXBuildFile section */

/* Begin PBXContainerItemProxy section */
		E2F094F71C1B04080002248B /* PBXContainerItemProxy */ = {
			isa = PBXContainerItemProxy;
			containerPortal = E2F094DA1C1B04080002248B /* Project object */;
			proxyType = 1;
			remoteGlobalIDString = E2F094E11C1B04080002248B;
			remoteInfo = "Floresti Online";
		};
		E2F095021C1B04080002248B /* PBXContainerItemProxy */ = {
			isa = PBXContainerItemProxy;
			containerPortal = E2F094DA1C1B04080002248B /* Project object */;
			proxyType = 1;
			remoteGlobalIDString = E2F094E11C1B04080002248B;
			remoteInfo = "Floresti Online";
		};
/* End PBXContainerItemProxy section */

/* Begin PBXFileReference section */
		E26E1DB71C1EC31E00FA6043 /* Mixed.xib */ = {isa = PBXFileReference; fileEncoding = 4; lastKnownFileType = file.xib; name = Mixed.xib; path = Cells/Mixed.xib; sourceTree = "<group>"; };
		E26E1DB91C1ECD2A00FA6043 /* Sponsored.xib */ = {isa = PBXFileReference; fileEncoding = 4; lastKnownFileType = file.xib; name = Sponsored.xib; path = Cells/Sponsored.xib; sourceTree = "<group>"; };
		E26E1DBB1C1ECE0A00FA6043 /* back_arrow_full.png */ = {isa = PBXFileReference; lastKnownFileType = image.png; name = back_arrow_full.png; path = img/back_arrow_full.png; sourceTree = "<group>"; };
		E26E1DBC1C1ECE0A00FA6043 /* back_arrow_white.png */ = {isa = PBXFileReference; lastKnownFileType = image.png; name = back_arrow_white.png; path = img/back_arrow_white.png; sourceTree = "<group>"; };
		E26E1DBD1C1ECE0A00FA6043 /* back_arrow.png */ = {isa = PBXFileReference; lastKnownFileType = image.png; name = back_arrow.png; path = img/back_arrow.png; sourceTree = "<group>"; };
		E26E1DBE1C1ECE0A00FA6043 /* calendar.png */ = {isa = PBXFileReference; lastKnownFileType = image.png; name = calendar.png; path = img/calendar.png; sourceTree = "<group>"; };
		E26E1DBF1C1ECE0A00FA6043 /* cinema.png */ = {isa = PBXFileReference; lastKnownFileType = image.png; name = cinema.png; path = img/cinema.png; sourceTree = "<group>"; };
		E26E1DC01C1ECE0A00FA6043 /* document.png */ = {isa = PBXFileReference; lastKnownFileType = image.png; name = document.png; path = img/document.png; sourceTree = "<group>"; };
		E26E1DC11C1ECE0A00FA6043 /* gradient.png */ = {isa = PBXFileReference; lastKnownFileType = image.png; name = gradient.png; path = img/gradient.png; sourceTree = "<group>"; };
		E26E1DC21C1ECE0A00FA6043 /* gray_agenda.png */ = {isa = PBXFileReference; lastKnownFileType = image.png; name = gray_agenda.png; path = img/gray_agenda.png; sourceTree = "<group>"; };
		E26E1DC31C1ECE0A00FA6043 /* green_map.png */ = {isa = PBXFileReference; lastKnownFileType = image.png; name = green_map.png; path = img/green_map.png; sourceTree = "<group>"; };
		E26E1DC41C1ECE0A00FA6043 /* map_blue.png */ = {isa = PBXFileReference; lastKnownFileType = image.png; name = map_blue.png; path = img/map_blue.png; sourceTree = "<group>"; };
		E26E1DC51C1ECE0A00FA6043 /* map.png */ = {isa = PBXFileReference; lastKnownFileType = image.png; name = map.png; path = img/map.png; sourceTree = "<group>"; };
		E26E1DC61C1ECE0A00FA6043 /* news.png */ = {isa = PBXFileReference; lastKnownFileType = image.png; name = news.png; path = img/news.png; sourceTree = "<group>"; };
		E26E1DC71C1ECE0A00FA6043 /* phone_blue_old.png */ = {isa = PBXFileReference; lastKnownFileType = image.png; name = phone_blue_old.png; path = img/phone_blue_old.png; sourceTree = "<group>"; };
		E26E1DC81C1ECE0A00FA6043 /* phone.png */ = {isa = PBXFileReference; lastKnownFileType = image.png; name = phone.png; path = img/phone.png; sourceTree = "<group>"; };
		E26E1DC91C1ECE0A00FA6043 /* red_agenda.png */ = {isa = PBXFileReference; lastKnownFileType = image.png; name = red_agenda.png; path = img/red_agenda.png; sourceTree = "<group>"; };
		E26E1DCA1C1ECE0A00FA6043 /* red_map.png */ = {isa = PBXFileReference; lastKnownFileType = image.png; name = red_map.png; path = img/red_map.png; sourceTree = "<group>"; };
		E26E1DCB1C1ECE0A00FA6043 /* sponsor.png */ = {isa = PBXFileReference; lastKnownFileType = image.png; name = sponsor.png; path = img/sponsor.png; sourceTree = "<group>"; };
		E2F094E21C1B04080002248B /* Floresti Online.app */ = {isa = PBXFileReference; explicitFileType = wrapper.application; includeInIndex = 0; path = "Floresti Online.app"; sourceTree = BUILT_PRODUCTS_DIR; };
		E2F094E51C1B04080002248B /* AppDelegate.swift */ = {isa = PBXFileReference; lastKnownFileType = sourcecode.swift; path = AppDelegate.swift; sourceTree = "<group>"; };
		E2F094E71C1B04080002248B /* ViewController.swift */ = {isa = PBXFileReference; lastKnownFileType = sourcecode.swift; path = ViewController.swift; sourceTree = "<group>"; };
		E2F094EA1C1B04080002248B /* Base */ = {isa = PBXFileReference; lastKnownFileType = file.storyboard; name = Base; path = Base.lproj/Main.storyboard; sourceTree = "<group>"; };
		E2F094EC1C1B04080002248B /* Assets.xcassets */ = {isa = PBXFileReference; lastKnownFileType = folder.assetcatalog; path = Assets.xcassets; sourceTree = "<group>"; };
		E2F094EF1C1B04080002248B /* Base */ = {isa = PBXFileReference; lastKnownFileType = file.storyboard; name = Base; path = Base.lproj/LaunchScreen.storyboard; sourceTree = "<group>"; };
		E2F094F11C1B04080002248B /* Info.plist */ = {isa = PBXFileReference; lastKnownFileType = text.plist.xml; path = Info.plist; sourceTree = "<group>"; };
		E2F094F61C1B04080002248B /* Floresti OnlineTests.xctest */ = {isa = PBXFileReference; explicitFileType = wrapper.cfbundle; includeInIndex = 0; path = "Floresti OnlineTests.xctest"; sourceTree = BUILT_PRODUCTS_DIR; };
		E2F094FA1C1B04080002248B /* Floresti_OnlineTests.swift */ = {isa = PBXFileReference; lastKnownFileType = sourcecode.swift; path = Floresti_OnlineTests.swift; sourceTree = "<group>"; };
		E2F094FC1C1B04080002248B /* Info.plist */ = {isa = PBXFileReference; lastKnownFileType = text.plist.xml; path = Info.plist; sourceTree = "<group>"; };
		E2F095011C1B04080002248B /* Floresti OnlineUITests.xctest */ = {isa = PBXFileReference; explicitFileType = wrapper.cfbundle; includeInIndex = 0; path = "Floresti OnlineUITests.xctest"; sourceTree = BUILT_PRODUCTS_DIR; };
		E2F095051C1B04080002248B /* Floresti_OnlineUITests.swift */ = {isa = PBXFileReference; lastKnownFileType = sourcecode.swift; path = Floresti_OnlineUITests.swift; sourceTree = "<group>"; };
		E2F095071C1B04080002248B /* Info.plist */ = {isa = PBXFileReference; lastKnownFileType = text.plist.xml; path = Info.plist; sourceTree = "<group>"; };
		E2F095141C1B0AFB0002248B /* Floresti Online-Bridging-Header.h */ = {isa = PBXFileReference; lastKnownFileType = sourcecode.c.h; path = "Floresti Online-Bridging-Header.h"; sourceTree = "<group>"; };
		E2F095151C1B0AFB0002248B /* TLYShyNavBar.h */ = {isa = PBXFileReference; fileEncoding = 4; lastKnownFileType = sourcecode.c.h; name = TLYShyNavBar.h; path = NavBarHider/TLYShyNavBar.h; sourceTree = "<group>"; };
		E2F095161C1B0AFB0002248B /* TLYShyNavBarFade.h */ = {isa = PBXFileReference; fileEncoding = 4; lastKnownFileType = sourcecode.c.h; name = TLYShyNavBarFade.h; path = NavBarHider/TLYShyNavBarFade.h; sourceTree = "<group>"; };
		E2F095171C1B0AFB0002248B /* TLYShyNavBarManager.h */ = {isa = PBXFileReference; fileEncoding = 4; lastKnownFileType = sourcecode.c.h; name = TLYShyNavBarManager.h; path = NavBarHider/TLYShyNavBarManager.h; sourceTree = "<group>"; };
		E2F095181C1B0AFB0002248B /* TLYShyNavBarManager.m */ = {isa = PBXFileReference; fileEncoding = 4; lastKnownFileType = sourcecode.c.objc; name = TLYShyNavBarManager.m; path = NavBarHider/TLYShyNavBarManager.m; sourceTree = "<group>"; };
		E2F0951B1C1B0D000002248B /* ArrayEx.swift */ = {isa = PBXFileReference; fileEncoding = 4; lastKnownFileType = sourcecode.swift; name = ArrayEx.swift; path = FAB/ArrayEx.swift; sourceTree = "<group>"; };
		E2F0951C1C1B0D000002248B /* CGPointEx.swift */ = {isa = PBXFileReference; fileEncoding = 4; lastKnownFileType = sourcecode.swift; name = CGPointEx.swift; path = FAB/CGPointEx.swift; sourceTree = "<group>"; };
		E2F0951D1C1B0D000002248B /* CGRectEx.swift */ = {isa = PBXFileReference; fileEncoding = 4; lastKnownFileType = sourcecode.swift; name = CGRectEx.swift; path = FAB/CGRectEx.swift; sourceTree = "<group>"; };
		E2F0951E1C1B0D000002248B /* LiquidFloatingActionButton.swift */ = {isa = PBXFileReference; fileEncoding = 4; lastKnownFileType = sourcecode.swift; name = LiquidFloatingActionButton.swift; path = FAB/LiquidFloatingActionButton.swift; sourceTree = "<group>"; };
		E2F0951F1C1B0D000002248B /* LiquidUtil.swift */ = {isa = PBXFileReference; fileEncoding = 4; lastKnownFileType = sourcecode.swift; name = LiquidUtil.swift; path = FAB/LiquidUtil.swift; sourceTree = "<group>"; };
		E2F095201C1B0D000002248B /* LiquittableCircle.swift */ = {isa = PBXFileReference; fileEncoding = 4; lastKnownFileType = sourcecode.swift; name = LiquittableCircle.swift; path = FAB/LiquittableCircle.swift; sourceTree = "<group>"; };
		E2F095211C1B0D000002248B /* SimpleCircleLiquidEngine.swift */ = {isa = PBXFileReference; fileEncoding = 4; lastKnownFileType = sourcecode.swift; name = SimpleCircleLiquidEngine.swift; path = FAB/SimpleCircleLiquidEngine.swift; sourceTree = "<group>"; };
		E2F095221C1B0D000002248B /* UIColorEx.swift */ = {isa = PBXFileReference; fileEncoding = 4; lastKnownFileType = sourcecode.swift; name = UIColorEx.swift; path = FAB/UIColorEx.swift; sourceTree = "<group>"; };
		E2F0952C1C1B0D470002248B /* MainView.swift */ = {isa = PBXFileReference; fileEncoding = 4; lastKnownFileType = sourcecode.swift; name = MainView.swift; path = Controllers/MainView.swift; sourceTree = "<group>"; };
		E2F0952F1C1B15670002248B /* TLYShyStatusBarController.m */ = {isa = PBXFileReference; fileEncoding = 4; lastKnownFileType = sourcecode.c.objc; name = TLYShyStatusBarController.m; path = NavBarHider/ShyControllers/TLYShyStatusBarController.m; sourceTree = "<group>"; };
		E2F095301C1B15670002248B /* TLYShyViewController.h */ = {isa = PBXFileReference; fileEncoding = 4; lastKnownFileType = sourcecode.c.h; name = TLYShyViewController.h; path = NavBarHider/ShyControllers/TLYShyViewController.h; sourceTree = "<group>"; };
		E2F095311C1B15670002248B /* TLYShyViewController.m */ = {isa = PBXFileReference; fileEncoding = 4; lastKnownFileType = sourcecode.c.objc; name = TLYShyViewController.m; path = NavBarHider/ShyControllers/TLYShyViewController.m; sourceTree = "<group>"; };
		E2F095321C1B15670002248B /* TLYShyChild.h */ = {isa = PBXFileReference; fileEncoding = 4; lastKnownFileType = sourcecode.c.h; name = TLYShyChild.h; path = NavBarHider/ShyControllers/TLYShyChild.h; sourceTree = "<group>"; };
		E2F095331C1B15670002248B /* TLYShyParent.h */ = {isa = PBXFileReference; fileEncoding = 4; lastKnownFileType = sourcecode.c.h; name = TLYShyParent.h; path = NavBarHider/ShyControllers/TLYShyParent.h; sourceTree = "<group>"; };
		E2F095341C1B15670002248B /* TLYShyScrollViewController.h */ = {isa = PBXFileReference; fileEncoding = 4; lastKnownFileType = sourcecode.c.h; name = TLYShyScrollViewController.h; path = NavBarHider/ShyControllers/TLYShyScrollViewController.h; sourceTree = "<group>"; };
		E2F095351C1B15670002248B /* TLYShyScrollViewController.m */ = {isa = PBXFileReference; fileEncoding = 4; lastKnownFileType = sourcecode.c.objc; name = TLYShyScrollViewController.m; path = NavBarHider/ShyControllers/TLYShyScrollViewController.m; sourceTree = "<group>"; };
		E2F095361C1B15670002248B /* TLYShyStatusBarController.h */ = {isa = PBXFileReference; fileEncoding = 4; lastKnownFileType = sourcecode.c.h; name = TLYShyStatusBarController.h; path = NavBarHider/ShyControllers/TLYShyStatusBarController.h; sourceTree = "<group>"; };
		E2F0953B1C1B15BD0002248B /* NSObject+TLYSwizzlingHelpers.h */ = {isa = PBXFileReference; fileEncoding = 4; lastKnownFileType = sourcecode.c.h; name = "NSObject+TLYSwizzlingHelpers.h"; path = "NavBarHider/Categories/NSObject+TLYSwizzlingHelpers.h"; sourceTree = "<group>"; };
		E2F0953C1C1B15BD0002248B /* NSObject+TLYSwizzlingHelpers.m */ = {isa = PBXFileReference; fileEncoding = 4; lastKnownFileType = sourcecode.c.objc; name = "NSObject+TLYSwizzlingHelpers.m"; path = "NavBarHider/Categories/NSObject+TLYSwizzlingHelpers.m"; sourceTree = "<group>"; };
		E2F0953D1C1B15BD0002248B /* TLYDelegateProxy.h */ = {isa = PBXFileReference; fileEncoding = 4; lastKnownFileType = sourcecode.c.h; name = TLYDelegateProxy.h; path = NavBarHider/Categories/TLYDelegateProxy.h; sourceTree = "<group>"; };
		E2F0953E1C1B15BD0002248B /* TLYDelegateProxy.m */ = {isa = PBXFileReference; fileEncoding = 4; lastKnownFileType = sourcecode.c.objc; name = TLYDelegateProxy.m; path = NavBarHider/Categories/TLYDelegateProxy.m; sourceTree = "<group>"; };
		E2F0953F1C1B15BD0002248B /* UIScrollView+Helpers.h */ = {isa = PBXFileReference; fileEncoding = 4; lastKnownFileType = sourcecode.c.h; name = "UIScrollView+Helpers.h"; path = "NavBarHider/Categories/UIScrollView+Helpers.h"; sourceTree = "<group>"; };
		E2F095401C1B15BD0002248B /* UIScrollView+Helpers.m */ = {isa = PBXFileReference; fileEncoding = 4; lastKnownFileType = sourcecode.c.objc; name = "UIScrollView+Helpers.m"; path = "NavBarHider/Categories/UIScrollView+Helpers.m"; sourceTree = "<group>"; };
		E2F095411C1B15BD0002248B /* UIViewController+BetterLayoutGuides.h */ = {isa = PBXFileReference; fileEncoding = 4; lastKnownFileType = sourcecode.c.h; name = "UIViewController+BetterLayoutGuides.h"; path = "NavBarHider/Categories/UIViewController+BetterLayoutGuides.h"; sourceTree = "<group>"; };
		E2F095421C1B15BD0002248B /* UIViewController+BetterLayoutGuides.m */ = {isa = PBXFileReference; fileEncoding = 4; lastKnownFileType = sourcecode.c.objc; name = "UIViewController+BetterLayoutGuides.m"; path = "NavBarHider/Categories/UIViewController+BetterLayoutGuides.m"; sourceTree = "<group>"; };
		E2F095491C1B17DC0002248B /* ic_place.png */ = {isa = PBXFileReference; lastKnownFileType = image.png; name = ic_place.png; path = img/ic_place.png; sourceTree = "<group>"; };
/* End PBXFileReference section */

/* Begin PBXFrameworksBuildPhase section */
		E2F094DF1C1B04080002248B /* Frameworks */ = {
			isa = PBXFrameworksBuildPhase;
			buildActionMask = 2147483647;
			files = (
			);
			runOnlyForDeploymentPostprocessing = 0;
		};
		E2F094F31C1B04080002248B /* Frameworks */ = {
			isa = PBXFrameworksBuildPhase;
			buildActionMask = 2147483647;
			files = (
			);
			runOnlyForDeploymentPostprocessing = 0;
		};
		E2F094FE1C1B04080002248B /* Frameworks */ = {
			isa = PBXFrameworksBuildPhase;
			buildActionMask = 2147483647;
			files = (
			);
			runOnlyForDeploymentPostprocessing = 0;
		};
/* End PBXFrameworksBuildPhase section */

/* Begin PBXGroup section */
		E26E1DB61C1EC2F100FA6043 /* Cells */ = {
			isa = PBXGroup;
			children = (
				E26E1DB91C1ECD2A00FA6043 /* Sponsored.xib */,
				E26E1DB71C1EC31E00FA6043 /* Mixed.xib */,
			);
			name = Cells;
			sourceTree = "<group>";
		};
		E2F094D91C1B04070002248B = {
			isa = PBXGroup;
			children = (
				E2F094E41C1B04080002248B /* Floresti Online */,
				E2F094F91C1B04080002248B /* Floresti OnlineTests */,
				E2F095041C1B04080002248B /* Floresti OnlineUITests */,
				E2F094E31C1B04080002248B /* Products */,
			);
			sourceTree = "<group>";
		};
		E2F094E31C1B04080002248B /* Products */ = {
			isa = PBXGroup;
			children = (
				E2F094E21C1B04080002248B /* Floresti Online.app */,
				E2F094F61C1B04080002248B /* Floresti OnlineTests.xctest */,
				E2F095011C1B04080002248B /* Floresti OnlineUITests.xctest */,
			);
			name = Products;
			sourceTree = "<group>";
		};
		E2F094E41C1B04080002248B /* Floresti Online */ = {
			isa = PBXGroup;
			children = (
				E26E1DB61C1EC2F100FA6043 /* Cells */,
				E2F095471C1B17BC0002248B /* img */,
				E2F0951A1C1B0CF60002248B /* FAB */,
				E2F095131C1B0ADF0002248B /* NavBarHider */,
				E2F0952B1C1B0D1F0002248B /* Controllers */,
				E2F094E51C1B04080002248B /* AppDelegate.swift */,
				E2F094E71C1B04080002248B /* ViewController.swift */,
				E2F094E91C1B04080002248B /* Main.storyboard */,
				E2F094EC1C1B04080002248B /* Assets.xcassets */,
				E2F094EE1C1B04080002248B /* LaunchScreen.storyboard */,
				E2F094F11C1B04080002248B /* Info.plist */,
			);
			path = "Floresti Online";
			sourceTree = "<group>";
		};
		E2F094F91C1B04080002248B /* Floresti OnlineTests */ = {
			isa = PBXGroup;
			children = (
				E2F094FA1C1B04080002248B /* Floresti_OnlineTests.swift */,
				E2F094FC1C1B04080002248B /* Info.plist */,
			);
			path = "Floresti OnlineTests";
			sourceTree = "<group>";
		};
		E2F095041C1B04080002248B /* Floresti OnlineUITests */ = {
			isa = PBXGroup;
			children = (
				E2F095051C1B04080002248B /* Floresti_OnlineUITests.swift */,
				E2F095071C1B04080002248B /* Info.plist */,
			);
			path = "Floresti OnlineUITests";
			sourceTree = "<group>";
		};
		E2F095131C1B0ADF0002248B /* NavBarHider */ = {
			isa = PBXGroup;
			children = (
				E2F095151C1B0AFB0002248B /* TLYShyNavBar.h */,
				E2F095161C1B0AFB0002248B /* TLYShyNavBarFade.h */,
				E2F095171C1B0AFB0002248B /* TLYShyNavBarManager.h */,
				E2F095181C1B0AFB0002248B /* TLYShyNavBarManager.m */,
				E2F095141C1B0AFB0002248B /* Floresti Online-Bridging-Header.h */,
			);
			name = NavBarHider;
			sourceTree = "<group>";
		};
		E2F0951A1C1B0CF60002248B /* FAB */ = {
			isa = PBXGroup;
			children = (
				E2F0953A1C1B15B30002248B /* Categories */,
				E2F0952E1C1B154C0002248B /* ShyControllers */,
				E2F0951B1C1B0D000002248B /* ArrayEx.swift */,
				E2F0951C1C1B0D000002248B /* CGPointEx.swift */,
				E2F0951D1C1B0D000002248B /* CGRectEx.swift */,
				E2F0951E1C1B0D000002248B /* LiquidFloatingActionButton.swift */,
				E2F0951F1C1B0D000002248B /* LiquidUtil.swift */,
				E2F095201C1B0D000002248B /* LiquittableCircle.swift */,
				E2F095211C1B0D000002248B /* SimpleCircleLiquidEngine.swift */,
				E2F095221C1B0D000002248B /* UIColorEx.swift */,
			);
			name = FAB;
			sourceTree = "<group>";
		};
		E2F0952B1C1B0D1F0002248B /* Controllers */ = {
			isa = PBXGroup;
			children = (
				E2F0952C1C1B0D470002248B /* MainView.swift */,
			);
			name = Controllers;
			sourceTree = "<group>";
		};
		E2F0952E1C1B154C0002248B /* ShyControllers */ = {
			isa = PBXGroup;
			children = (
				E2F0952F1C1B15670002248B /* TLYShyStatusBarController.m */,
				E2F095301C1B15670002248B /* TLYShyViewController.h */,
				E2F095311C1B15670002248B /* TLYShyViewController.m */,
				E2F095321C1B15670002248B /* TLYShyChild.h */,
				E2F095331C1B15670002248B /* TLYShyParent.h */,
				E2F095341C1B15670002248B /* TLYShyScrollViewController.h */,
				E2F095351C1B15670002248B /* TLYShyScrollViewController.m */,
				E2F095361C1B15670002248B /* TLYShyStatusBarController.h */,
			);
			name = ShyControllers;
			sourceTree = "<group>";
		};
		E2F0953A1C1B15B30002248B /* Categories */ = {
			isa = PBXGroup;
			children = (
				E2F0953B1C1B15BD0002248B /* NSObject+TLYSwizzlingHelpers.h */,
				E2F0953C1C1B15BD0002248B /* NSObject+TLYSwizzlingHelpers.m */,
				E2F0953D1C1B15BD0002248B /* TLYDelegateProxy.h */,
				E2F0953E1C1B15BD0002248B /* TLYDelegateProxy.m */,
				E2F0953F1C1B15BD0002248B /* UIScrollView+Helpers.h */,
				E2F095401C1B15BD0002248B /* UIScrollView+Helpers.m */,
				E2F095411C1B15BD0002248B /* UIViewController+BetterLayoutGuides.h */,
				E2F095421C1B15BD0002248B /* UIViewController+BetterLayoutGuides.m */,
			);
			name = Categories;
			sourceTree = "<group>";
		};
		E2F095471C1B17BC0002248B /* img */ = {
			isa = PBXGroup;
			children = (
				E26E1DBB1C1ECE0A00FA6043 /* back_arrow_full.png */,
				E26E1DBC1C1ECE0A00FA6043 /* back_arrow_white.png */,
				E26E1DBD1C1ECE0A00FA6043 /* back_arrow.png */,
				E26E1DBE1C1ECE0A00FA6043 /* calendar.png */,
				E26E1DBF1C1ECE0A00FA6043 /* cinema.png */,
				E26E1DC01C1ECE0A00FA6043 /* document.png */,
				E26E1DC11C1ECE0A00FA6043 /* gradient.png */,
				E26E1DC21C1ECE0A00FA6043 /* gray_agenda.png */,
				E26E1DC31C1ECE0A00FA6043 /* green_map.png */,
				E26E1DC41C1ECE0A00FA6043 /* map_blue.png */,
				E26E1DC51C1ECE0A00FA6043 /* map.png */,
				E26E1DC61C1ECE0A00FA6043 /* news.png */,
				E26E1DC71C1ECE0A00FA6043 /* phone_blue_old.png */,
				E26E1DC81C1ECE0A00FA6043 /* phone.png */,
				E26E1DC91C1ECE0A00FA6043 /* red_agenda.png */,
				E26E1DCA1C1ECE0A00FA6043 /* red_map.png */,
				E26E1DCB1C1ECE0A00FA6043 /* sponsor.png */,
				E2F095491C1B17DC0002248B /* ic_place.png */,
			);
			name = img;
			sourceTree = "<group>";
		};
/* End PBXGroup section */

/* Begin PBXNativeTarget section */
		E2F094E11C1B04080002248B /* Floresti Online */ = {
			isa = PBXNativeTarget;
			buildConfigurationList = E2F0950A1C1B04080002248B /* Build configuration list for PBXNativeTarget "Floresti Online" */;
			buildPhases = (
				E2F094DE1C1B04080002248B /* Sources */,
				E2F094DF1C1B04080002248B /* Frameworks */,
				E2F094E01C1B04080002248B /* Resources */,
			);
			buildRules = (
			);
			dependencies = (
			);
			name = "Floresti Online";
			productName = "Floresti Online";
			productReference = E2F094E21C1B04080002248B /* Floresti Online.app */;
			productType = "com.apple.product-type.application";
		};
		E2F094F51C1B04080002248B /* Floresti OnlineTests */ = {
			isa = PBXNativeTarget;
			buildConfigurationList = E2F0950D1C1B04080002248B /* Build configuration list for PBXNativeTarget "Floresti OnlineTests" */;
			buildPhases = (
				E2F094F21C1B04080002248B /* Sources */,
				E2F094F31C1B04080002248B /* Frameworks */,
				E2F094F41C1B04080002248B /* Resources */,
			);
			buildRules = (
			);
			dependencies = (
				E2F094F81C1B04080002248B /* PBXTargetDependency */,
			);
			name = "Floresti OnlineTests";
			productName = "Floresti OnlineTests";
			productReference = E2F094F61C1B04080002248B /* Floresti OnlineTests.xctest */;
			productType = "com.apple.product-type.bundle.unit-test";
		};
		E2F095001C1B04080002248B /* Floresti OnlineUITests */ = {
			isa = PBXNativeTarget;
			buildConfigurationList = E2F095101C1B04080002248B /* Build configuration list for PBXNativeTarget "Floresti OnlineUITests" */;
			buildPhases = (
				E2F094FD1C1B04080002248B /* Sources */,
				E2F094FE1C1B04080002248B /* Frameworks */,
				E2F094FF1C1B04080002248B /* Resources */,
			);
			buildRules = (
			);
			dependencies = (
				E2F095031C1B04080002248B /* PBXTargetDependency */,
			);
			name = "Floresti OnlineUITests";
			productName = "Floresti OnlineUITests";
			productReference = E2F095011C1B04080002248B /* Floresti OnlineUITests.xctest */;
			productType = "com.apple.product-type.bundle.ui-testing";
		};
/* End PBXNativeTarget section */

/* Begin PBXProject section */
		E2F094DA1C1B04080002248B /* Project object */ = {
			isa = PBXProject;
			attributes = {
				LastSwiftUpdateCheck = 0710;
				LastUpgradeCheck = 0710;
				ORGANIZATIONNAME = deCode;
				TargetAttributes = {
					E2F094E11C1B04080002248B = {
						CreatedOnToolsVersion = 7.1.1;
					};
					E2F094F51C1B04080002248B = {
						CreatedOnToolsVersion = 7.1.1;
						TestTargetID = E2F094E11C1B04080002248B;
					};
					E2F095001C1B04080002248B = {
						CreatedOnToolsVersion = 7.1.1;
						TestTargetID = E2F094E11C1B04080002248B;
					};
				};
			};
			buildConfigurationList = E2F094DD1C1B04080002248B /* Build configuration list for PBXProject "Floresti Online" */;
			compatibilityVersion = "Xcode 3.2";
			developmentRegion = English;
			hasScannedForEncodings = 0;
			knownRegions = (
				en,
				Base,
			);
			mainGroup = E2F094D91C1B04070002248B;
			productRefGroup = E2F094E31C1B04080002248B /* Products */;
			projectDirPath = "";
			projectRoot = "";
			targets = (
				E2F094E11C1B04080002248B /* Floresti Online */,
				E2F094F51C1B04080002248B /* Floresti OnlineTests */,
				E2F095001C1B04080002248B /* Floresti OnlineUITests */,
			);
		};
/* End PBXProject section */

/* Begin PBXResourcesBuildPhase section */
		E2F094E01C1B04080002248B /* Resources */ = {
			isa = PBXResourcesBuildPhase;
			buildActionMask = 2147483647;
			files = (
				E2F0954C1C1B17DC0002248B /* ic_place.png in Resources */,
				E2F094F01C1B04080002248B /* LaunchScreen.storyboard in Resources */,
				E26E1DDA1C1ECE0A00FA6043 /* red_agenda.png in Resources */,
				E26E1DD91C1ECE0A00FA6043 /* phone.png in Resources */,
				E26E1DDC1C1ECE0A00FA6043 /* sponsor.png in Resources */,
				E26E1DD81C1ECE0A00FA6043 /* phone_blue_old.png in Resources */,
				E26E1DD71C1ECE0A00FA6043 /* news.png in Resources */,
				E26E1DCD1C1ECE0A00FA6043 /* back_arrow_white.png in Resources */,
				E26E1DBA1C1ECD2A00FA6043 /* Sponsored.xib in Resources */,
				E26E1DD51C1ECE0A00FA6043 /* map_blue.png in Resources */,
				E26E1DCE1C1ECE0A00FA6043 /* back_arrow.png in Resources */,
				E2F094ED1C1B04080002248B /* Assets.xcassets in Resources */,
				E26E1DD31C1ECE0A00FA6043 /* gray_agenda.png in Resources */,
				E26E1DDB1C1ECE0A00FA6043 /* red_map.png in Resources */,
				E26E1DD11C1ECE0A00FA6043 /* document.png in Resources */,
				E26E1DD01C1ECE0A00FA6043 /* cinema.png in Resources */,
				E26E1DD41C1ECE0A00FA6043 /* green_map.png in Resources */,
				E26E1DD61C1ECE0A00FA6043 /* map.png in Resources */,
				E2F094EB1C1B04080002248B /* Main.storyboard in Resources */,
				E26E1DCF1C1ECE0A00FA6043 /* calendar.png in Resources */,
				E26E1DD21C1ECE0A00FA6043 /* gradient.png in Resources */,
				E26E1DB81C1EC31E00FA6043 /* Mixed.xib in Resources */,
				E26E1DCC1C1ECE0A00FA6043 /* back_arrow_full.png in Resources */,
			);
			runOnlyForDeploymentPostprocessing = 0;
		};
		E2F094F41C1B04080002248B /* Resources */ = {
			isa = PBXResourcesBuildPhase;
			buildActionMask = 2147483647;
			files = (
			);
			runOnlyForDeploymentPostprocessing = 0;
		};
		E2F094FF1C1B04080002248B /* Resources */ = {
			isa = PBXResourcesBuildPhase;
			buildActionMask = 2147483647;
			files = (
			);
			runOnlyForDeploymentPostprocessing = 0;
		};
/* End PBXResourcesBuildPhase section */

/* Begin PBXSourcesBuildPhase section */
		E2F094DE1C1B04080002248B /* Sources */ = {
			isa = PBXSourcesBuildPhase;
			buildActionMask = 2147483647;
			files = (
				E2F095441C1B15BD0002248B /* TLYDelegateProxy.m in Sources */,
				E2F095261C1B0D000002248B /* LiquidFloatingActionButton.swift in Sources */,
				E2F0952D1C1B0D470002248B /* MainView.swift in Sources */,
				E2F095271C1B0D000002248B /* LiquidUtil.swift in Sources */,
				E2F095231C1B0D000002248B /* ArrayEx.swift in Sources */,
				E2F095461C1B15BD0002248B /* UIViewController+BetterLayoutGuides.m in Sources */,
				E2F095291C1B0D000002248B /* SimpleCircleLiquidEngine.swift in Sources */,
				E2F095371C1B15670002248B /* TLYShyStatusBarController.m in Sources */,
				E2F095281C1B0D000002248B /* LiquittableCircle.swift in Sources */,
				E2F095381C1B15670002248B /* TLYShyViewController.m in Sources */,
				E2F095451C1B15BD0002248B /* UIScrollView+Helpers.m in Sources */,
				E2F094E81C1B04080002248B /* ViewController.swift in Sources */,
				E2F095431C1B15BD0002248B /* NSObject+TLYSwizzlingHelpers.m in Sources */,
				E2F095391C1B15670002248B /* TLYShyScrollViewController.m in Sources */,
				E2F095241C1B0D000002248B /* CGPointEx.swift in Sources */,
				E2F095191C1B0AFB0002248B /* TLYShyNavBarManager.m in Sources */,
				E2F095251C1B0D000002248B /* CGRectEx.swift in Sources */,
				E2F094E61C1B04080002248B /* AppDelegate.swift in Sources */,
				E2F0952A1C1B0D000002248B /* UIColorEx.swift in Sources */,
			);
			runOnlyForDeploymentPostprocessing = 0;
		};
		E2F094F21C1B04080002248B /* Sources */ = {
			isa = PBXSourcesBuildPhase;
			buildActionMask = 2147483647;
			files = (
				E2F094FB1C1B04080002248B /* Floresti_OnlineTests.swift in Sources */,
			);
			runOnlyForDeploymentPostprocessing = 0;
		};
		E2F094FD1C1B04080002248B /* Sources */ = {
			isa = PBXSourcesBuildPhase;
			buildActionMask = 2147483647;
			files = (
				E2F095061C1B04080002248B /* Floresti_OnlineUITests.swift in Sources */,
			);
			runOnlyForDeploymentPostprocessing = 0;
		};
/* End PBXSourcesBuildPhase section */

/* Begin PBXTargetDependency section */
		E2F094F81C1B04080002248B /* PBXTargetDependency */ = {
			isa = PBXTargetDependency;
			target = E2F094E11C1B04080002248B /* Floresti Online */;
			targetProxy = E2F094F71C1B04080002248B /* PBXContainerItemProxy */;
		};
		E2F095031C1B04080002248B /* PBXTargetDependency */ = {
			isa = PBXTargetDependency;
			target = E2F094E11C1B04080002248B /* Floresti Online */;
			targetProxy = E2F095021C1B04080002248B /* PBXContainerItemProxy */;
		};
/* End PBXTargetDependency section */

/* Begin PBXVariantGroup section */
		E2F094E91C1B04080002248B /* Main.storyboard */ = {
			isa = PBXVariantGroup;
			children = (
				E2F094EA1C1B04080002248B /* Base */,
			);
			name = Main.storyboard;
			sourceTree = "<group>";
		};
		E2F094EE1C1B04080002248B /* LaunchScreen.storyboard */ = {
			isa = PBXVariantGroup;
			children = (
				E2F094EF1C1B04080002248B /* Base */,
			);
			name = LaunchScreen.storyboard;
			sourceTree = "<group>";
		};
/* End PBXVariantGroup section */

/* Begin XCBuildConfiguration section */
		E2F095081C1B04080002248B /* Debug */ = {
			isa = XCBuildConfiguration;
			buildSettings = {
				ALWAYS_SEARCH_USER_PATHS = NO;
				CLANG_CXX_LANGUAGE_STANDARD = "gnu++0x";
				CLANG_CXX_LIBRARY = "libc++";
				CLANG_ENABLE_MODULES = YES;
				CLANG_ENABLE_OBJC_ARC = YES;
				CLANG_WARN_BOOL_CONVERSION = YES;
				CLANG_WARN_CONSTANT_CONVERSION = YES;
				CLANG_WARN_DIRECT_OBJC_ISA_USAGE = YES_ERROR;
				CLANG_WARN_EMPTY_BODY = YES;
				CLANG_WARN_ENUM_CONVERSION = YES;
				CLANG_WARN_INT_CONVERSION = YES;
				CLANG_WARN_OBJC_ROOT_CLASS = YES_ERROR;
				CLANG_WARN_UNREACHABLE_CODE = YES;
				CLANG_WARN__DUPLICATE_METHOD_MATCH = YES;
				"CODE_SIGN_IDENTITY[sdk=iphoneos*]" = "iPhone Developer";
				COPY_PHASE_STRIP = NO;
				DEBUG_INFORMATION_FORMAT = dwarf;
				ENABLE_STRICT_OBJC_MSGSEND = YES;
				ENABLE_TESTABILITY = YES;
				GCC_C_LANGUAGE_STANDARD = gnu99;
				GCC_DYNAMIC_NO_PIC = NO;
				GCC_NO_COMMON_BLOCKS = YES;
				GCC_OPTIMIZATION_LEVEL = 0;
				GCC_PREPROCESSOR_DEFINITIONS = (
					"DEBUG=1",
					"$(inherited)",
				);
				GCC_WARN_64_TO_32_BIT_CONVERSION = YES;
				GCC_WARN_ABOUT_RETURN_TYPE = YES_ERROR;
				GCC_WARN_UNDECLARED_SELECTOR = YES;
				GCC_WARN_UNINITIALIZED_AUTOS = YES_AGGRESSIVE;
				GCC_WARN_UNUSED_FUNCTION = YES;
				GCC_WARN_UNUSED_VARIABLE = YES;
				IPHONEOS_DEPLOYMENT_TARGET = 9.1;
				MTL_ENABLE_DEBUG_INFO = YES;
				ONLY_ACTIVE_ARCH = YES;
				SDKROOT = iphoneos;
				SWIFT_OPTIMIZATION_LEVEL = "-Onone";
				TARGETED_DEVICE_FAMILY = "1,2";
			};
			name = Debug;
		};
		E2F095091C1B04080002248B /* Release */ = {
			isa = XCBuildConfiguration;
			buildSettings = {
				ALWAYS_SEARCH_USER_PATHS = NO;
				CLANG_CXX_LANGUAGE_STANDARD = "gnu++0x";
				CLANG_CXX_LIBRARY = "libc++";
				CLANG_ENABLE_MODULES = YES;
				CLANG_ENABLE_OBJC_ARC = YES;
				CLANG_WARN_BOOL_CONVERSION = YES;
				CLANG_WARN_CONSTANT_CONVERSION = YES;
				CLANG_WARN_DIRECT_OBJC_ISA_USAGE = YES_ERROR;
				CLANG_WARN_EMPTY_BODY = YES;
				CLANG_WARN_ENUM_CONVERSION = YES;
				CLANG_WARN_INT_CONVERSION = YES;
				CLANG_WARN_OBJC_ROOT_CLASS = YES_ERROR;
				CLANG_WARN_UNREACHABLE_CODE = YES;
				CLANG_WARN__DUPLICATE_METHOD_MATCH = YES;
				"CODE_SIGN_IDENTITY[sdk=iphoneos*]" = "iPhone Developer";
				COPY_PHASE_STRIP = NO;
				DEBUG_INFORMATION_FORMAT = "dwarf-with-dsym";
				ENABLE_NS_ASSERTIONS = NO;
				ENABLE_STRICT_OBJC_MSGSEND = YES;
				GCC_C_LANGUAGE_STANDARD = gnu99;
				GCC_NO_COMMON_BLOCKS = YES;
				GCC_WARN_64_TO_32_BIT_CONVERSION = YES;
				GCC_WARN_ABOUT_RETURN_TYPE = YES_ERROR;
				GCC_WARN_UNDECLARED_SELECTOR = YES;
				GCC_WARN_UNINITIALIZED_AUTOS = YES_AGGRESSIVE;
				GCC_WARN_UNUSED_FUNCTION = YES;
				GCC_WARN_UNUSED_VARIABLE = YES;
				IPHONEOS_DEPLOYMENT_TARGET = 9.1;
				MTL_ENABLE_DEBUG_INFO = NO;
				SDKROOT = iphoneos;
				TARGETED_DEVICE_FAMILY = "1,2";
				VALIDATE_PRODUCT = YES;
			};
			name = Release;
		};
		E2F0950B1C1B04080002248B /* Debug */ = {
			isa = XCBuildConfiguration;
			buildSettings = {
				ASSETCATALOG_COMPILER_APPICON_NAME = AppIcon;
				CLANG_ENABLE_MODULES = YES;
				INFOPLIST_FILE = "Floresti Online/Info.plist";
				LD_RUNPATH_SEARCH_PATHS = "$(inherited) @executable_path/Frameworks";
				PRODUCT_BUNDLE_IDENTIFIER = "deCode.Floresti-Online";
				PRODUCT_NAME = "$(TARGET_NAME)";
				SWIFT_OBJC_BRIDGING_HEADER = "Floresti Online/Floresti Online-Bridging-Header.h";
				SWIFT_OPTIMIZATION_LEVEL = "-Onone";
			};
			name = Debug;
		};
		E2F0950C1C1B04080002248B /* Release */ = {
			isa = XCBuildConfiguration;
			buildSettings = {
				ASSETCATALOG_COMPILER_APPICON_NAME = AppIcon;
				CLANG_ENABLE_MODULES = YES;
				INFOPLIST_FILE = "Floresti Online/Info.plist";
				LD_RUNPATH_SEARCH_PATHS = "$(inherited) @executable_path/Frameworks";
				PRODUCT_BUNDLE_IDENTIFIER = "deCode.Floresti-Online";
				PRODUCT_NAME = "$(TARGET_NAME)";
				SWIFT_OBJC_BRIDGING_HEADER = "Floresti Online/Floresti Online-Bridging-Header.h";
			};
			name = Release;
		};
		E2F0950E1C1B04080002248B /* Debug */ = {
			isa = XCBuildConfiguration;
			buildSettings = {
				BUNDLE_LOADER = "$(TEST_HOST)";
				INFOPLIST_FILE = "Floresti OnlineTests/Info.plist";
				LD_RUNPATH_SEARCH_PATHS = "$(inherited) @executable_path/Frameworks @loader_path/Frameworks";
				PRODUCT_BUNDLE_IDENTIFIER = "deCode.Floresti-OnlineTests";
				PRODUCT_NAME = "$(TARGET_NAME)";
				TEST_HOST = "$(BUILT_PRODUCTS_DIR)/Floresti Online.app/Floresti Online";
			};
			name = Debug;
		};
		E2F0950F1C1B04080002248B /* Release */ = {
			isa = XCBuildConfiguration;
			buildSettings = {
				BUNDLE_LOADER = "$(TEST_HOST)";
				INFOPLIST_FILE = "Floresti OnlineTests/Info.plist";
				LD_RUNPATH_SEARCH_PATHS = "$(inherited) @executable_path/Frameworks @loader_path/Frameworks";
				PRODUCT_BUNDLE_IDENTIFIER = "deCode.Floresti-OnlineTests";
				PRODUCT_NAME = "$(TARGET_NAME)";
				TEST_HOST = "$(BUILT_PRODUCTS_DIR)/Floresti Online.app/Floresti Online";
			};
			name = Release;
		};
		E2F095111C1B04080002248B /* Debug */ = {
			isa = XCBuildConfiguration;
			buildSettings = {
				INFOPLIST_FILE = "Floresti OnlineUITests/Info.plist";
				LD_RUNPATH_SEARCH_PATHS = "$(inherited) @executable_path/Frameworks @loader_path/Frameworks";
				PRODUCT_BUNDLE_IDENTIFIER = "deCode.Floresti-OnlineUITests";
				PRODUCT_NAME = "$(TARGET_NAME)";
				TEST_TARGET_NAME = "Floresti Online";
				USES_XCTRUNNER = YES;
			};
			name = Debug;
		};
		E2F095121C1B04080002248B /* Release */ = {
			isa = XCBuildConfiguration;
			buildSettings = {
				INFOPLIST_FILE = "Floresti OnlineUITests/Info.plist";
				LD_RUNPATH_SEARCH_PATHS = "$(inherited) @executable_path/Frameworks @loader_path/Frameworks";
				PRODUCT_BUNDLE_IDENTIFIER = "deCode.Floresti-OnlineUITests";
				PRODUCT_NAME = "$(TARGET_NAME)";
				TEST_TARGET_NAME = "Floresti Online";
				USES_XCTRUNNER = YES;
			};
			name = Release;
		};
/* End XCBuildConfiguration section */

/* Begin XCConfigurationList section */
		E2F094DD1C1B04080002248B /* Build configuration list for PBXProject "Floresti Online" */ = {
			isa = XCConfigurationList;
			buildConfigurations = (
				E2F095081C1B04080002248B /* Debug */,
				E2F095091C1B04080002248B /* Release */,
			);
			defaultConfigurationIsVisible = 0;
			defaultConfigurationName = Release;
		};
		E2F0950A1C1B04080002248B /* Build configuration list for PBXNativeTarget "Floresti Online" */ = {
			isa = XCConfigurationList;
			buildConfigurations = (
				E2F0950B1C1B04080002248B /* Debug */,
				E2F0950C1C1B04080002248B /* Release */,
			);
			defaultConfigurationIsVisible = 0;
			defaultConfigurationName = Release;
		};
		E2F0950D1C1B04080002248B /* Build configuration list for PBXNativeTarget "Floresti OnlineTests" */ = {
			isa = XCConfigurationList;
			buildConfigurations = (
				E2F0950E1C1B04080002248B /* Debug */,
				E2F0950F1C1B04080002248B /* Release */,
			);
			defaultConfigurationIsVisible = 0;
			defaultConfigurationName = Release;
		};
		E2F095101C1B04080002248B /* Build configuration list for PBXNativeTarget "Floresti OnlineUITests" */ = {
			isa = XCConfigurationList;
			buildConfigurations = (
				E2F095111C1B04080002248B /* Debug */,
				E2F095121C1B04080002248B /* Release */,
			);
			defaultConfigurationIsVisible = 0;
			defaultConfigurationName = Release;
		};
/* End XCConfigurationList section */
	};
	rootObject = E2F094DA1C1B04080002248B /* Project object */;
}
